// !$*UTF8*$!
{
	archiveVersion = 1;
	classes = {
	};
	objectVersion = 46;
	objects = {

/* Begin PBXBuildFile section */
		75CDE6FE19BAD1B600AAA5C9 /* AppDelegate.swift in Sources */ = {isa = PBXBuildFile; fileRef = 75CDE6FD19BAD1B600AAA5C9 /* AppDelegate.swift */; };
		75CDE70519BAD1B600AAA5C9 /* Main.storyboard in Resources */ = {isa = PBXBuildFile; fileRef = 75CDE70319BAD1B600AAA5C9 /* Main.storyboard */; };
		75CDE70719BAD1B600AAA5C9 /* Images.xcassets in Resources */ = {isa = PBXBuildFile; fileRef = 75CDE70619BAD1B600AAA5C9 /* Images.xcassets */; };
		75CDE71319BAD1B600AAA5C9 /* DrinkMixerTests.swift in Sources */ = {isa = PBXBuildFile; fileRef = 75CDE71219BAD1B600AAA5C9 /* DrinkMixerTests.swift */; };
		75CDE72519BAD56100AAA5C9 /* Alamofire.framework in Frameworks */ = {isa = PBXBuildFile; fileRef = 75CDE72219BAD54600AAA5C9 /* Alamofire.framework */; };
		75CDE72919BADAFB00AAA5C9 /* DrinkHandler.swift in Sources */ = {isa = PBXBuildFile; fileRef = 75CDE72819BADAFB00AAA5C9 /* DrinkHandler.swift */; };
		75CDE75619BAE52400AAA5C9 /* AutoMakeViewController.swift in Sources */ = {isa = PBXBuildFile; fileRef = 75CDE75519BAE52400AAA5C9 /* AutoMakeViewController.swift */; };
/* End PBXBuildFile section */

/* Begin PBXContainerItemProxy section */
		75CDE70D19BAD1B600AAA5C9 /* PBXContainerItemProxy */ = {
			isa = PBXContainerItemProxy;
			containerPortal = 75CDE6F019BAD1B600AAA5C9 /* Project object */;
			proxyType = 1;
			remoteGlobalIDString = 75CDE6F719BAD1B600AAA5C9;
			remoteInfo = DrinkMixer;
		};
		75CDE72119BAD54600AAA5C9 /* PBXContainerItemProxy */ = {
			isa = PBXContainerItemProxy;
			containerPortal = 75CDE71C19BAD54600AAA5C9 /* Alamofire.xcodeproj */;
			proxyType = 2;
			remoteGlobalIDString = F8111E3319A95C8B0040E7D1;
			remoteInfo = Alamofire;
		};
		75CDE72319BAD54600AAA5C9 /* PBXContainerItemProxy */ = {
			isa = PBXContainerItemProxy;
			containerPortal = 75CDE71C19BAD54600AAA5C9 /* Alamofire.xcodeproj */;
			proxyType = 2;
			remoteGlobalIDString = F8111E3E19A95C8B0040E7D1;
			remoteInfo = AlamofireTests;
		};
/* End PBXContainerItemProxy section */

/* Begin PBXFileReference section */
		75CDE6F819BAD1B600AAA5C9 /* DrinkMixer.app */ = {isa = PBXFileReference; explicitFileType = wrapper.application; includeInIndex = 0; path = DrinkMixer.app; sourceTree = BUILT_PRODUCTS_DIR; };
		75CDE6FC19BAD1B600AAA5C9 /* Info.plist */ = {isa = PBXFileReference; lastKnownFileType = text.plist.xml; path = Info.plist; sourceTree = "<group>"; };
		75CDE6FD19BAD1B600AAA5C9 /* AppDelegate.swift */ = {isa = PBXFileReference; lastKnownFileType = sourcecode.swift; path = AppDelegate.swift; sourceTree = "<group>"; };
		75CDE70419BAD1B600AAA5C9 /* Base */ = {isa = PBXFileReference; lastKnownFileType = file.storyboard; name = Base; path = Base.lproj/Main.storyboard; sourceTree = "<group>"; };
		75CDE70619BAD1B600AAA5C9 /* Images.xcassets */ = {isa = PBXFileReference; lastKnownFileType = folder.assetcatalog; path = Images.xcassets; sourceTree = "<group>"; };
		75CDE70C19BAD1B600AAA5C9 /* DrinkMixerTests.xctest */ = {isa = PBXFileReference; explicitFileType = wrapper.cfbundle; includeInIndex = 0; path = DrinkMixerTests.xctest; sourceTree = BUILT_PRODUCTS_DIR; };
		75CDE71119BAD1B600AAA5C9 /* Info.plist */ = {isa = PBXFileReference; lastKnownFileType = text.plist.xml; path = Info.plist; sourceTree = "<group>"; };
		75CDE71219BAD1B600AAA5C9 /* DrinkMixerTests.swift */ = {isa = PBXFileReference; lastKnownFileType = sourcecode.swift; path = DrinkMixerTests.swift; sourceTree = "<group>"; };
		75CDE71C19BAD54600AAA5C9 /* Alamofire.xcodeproj */ = {isa = PBXFileReference; lastKnownFileType = "wrapper.pb-project"; name = Alamofire.xcodeproj; path = Alamofire/Alamofire.xcodeproj; sourceTree = "<group>"; };
		75CDE72819BADAFB00AAA5C9 /* DrinkHandler.swift */ = {isa = PBXFileReference; fileEncoding = 4; lastKnownFileType = sourcecode.swift; path = DrinkHandler.swift; sourceTree = "<group>"; };
		75CDE75519BAE52400AAA5C9 /* AutoMakeViewController.swift */ = {isa = PBXFileReference; fileEncoding = 4; lastKnownFileType = sourcecode.swift; path = AutoMakeViewController.swift; sourceTree = "<group>"; };
/* End PBXFileReference section */

/* Begin PBXFrameworksBuildPhase section */
		75CDE6F519BAD1B600AAA5C9 /* Frameworks */ = {
			isa = PBXFrameworksBuildPhase;
			buildActionMask = 2147483647;
			files = (
				75CDE72519BAD56100AAA5C9 /* Alamofire.framework in Frameworks */,
			);
			runOnlyForDeploymentPostprocessing = 0;
		};
		75CDE70919BAD1B600AAA5C9 /* Frameworks */ = {
			isa = PBXFrameworksBuildPhase;
			buildActionMask = 2147483647;
			files = (
			);
			runOnlyForDeploymentPostprocessing = 0;
		};
/* End PBXFrameworksBuildPhase section */

/* Begin PBXGroup section */
		75CDE6EF19BAD1B600AAA5C9 = {
			isa = PBXGroup;
			children = (
				75CDE71C19BAD54600AAA5C9 /* Alamofire.xcodeproj */,
				75CDE6FA19BAD1B600AAA5C9 /* DrinkMixer */,
				75CDE70F19BAD1B600AAA5C9 /* DrinkMixerTests */,
				75CDE6F919BAD1B600AAA5C9 /* Products */,
			);
			sourceTree = "<group>";
		};
		75CDE6F919BAD1B600AAA5C9 /* Products */ = {
			isa = PBXGroup;
			children = (
				75CDE6F819BAD1B600AAA5C9 /* DrinkMixer.app */,
				75CDE70C19BAD1B600AAA5C9 /* DrinkMixerTests.xctest */,
			);
			name = Products;
			sourceTree = "<group>";
		};
		75CDE6FA19BAD1B600AAA5C9 /* DrinkMixer */ = {
			isa = PBXGroup;
			children = (
				75CDE6FD19BAD1B600AAA5C9 /* AppDelegate.swift */,
				75CDE72819BADAFB00AAA5C9 /* DrinkHandler.swift */,
				75CDE75519BAE52400AAA5C9 /* AutoMakeViewController.swift */,
				75CDE70319BAD1B600AAA5C9 /* Main.storyboard */,
				75CDE70619BAD1B600AAA5C9 /* Images.xcassets */,
				75CDE6FB19BAD1B600AAA5C9 /* Supporting Files */,
			);
			path = DrinkMixer;
			sourceTree = "<group>";
		};
		75CDE6FB19BAD1B600AAA5C9 /* Supporting Files */ = {
			isa = PBXGroup;
			children = (
				75CDE6FC19BAD1B600AAA5C9 /* Info.plist */,
			);
			name = "Supporting Files";
			sourceTree = "<group>";
		};
		75CDE70F19BAD1B600AAA5C9 /* DrinkMixerTests */ = {
			isa = PBXGroup;
			children = (
				75CDE71219BAD1B600AAA5C9 /* DrinkMixerTests.swift */,
				75CDE71019BAD1B600AAA5C9 /* Supporting Files */,
			);
			path = DrinkMixerTests;
			sourceTree = "<group>";
		};
		75CDE71019BAD1B600AAA5C9 /* Supporting Files */ = {
			isa = PBXGroup;
			children = (
				75CDE71119BAD1B600AAA5C9 /* Info.plist */,
			);
			name = "Supporting Files";
			sourceTree = "<group>";
		};
		75CDE71D19BAD54600AAA5C9 /* Products */ = {
			isa = PBXGroup;
			children = (
				75CDE72219BAD54600AAA5C9 /* Alamofire.framework */,
				75CDE72419BAD54600AAA5C9 /* AlamofireTests.xctest */,
			);
			name = Products;
			sourceTree = "<group>";
		};
/* End PBXGroup section */

/* Begin PBXNativeTarget section */
		75CDE6F719BAD1B600AAA5C9 /* DrinkMixer */ = {
			isa = PBXNativeTarget;
			buildConfigurationList = 75CDE71619BAD1B600AAA5C9 /* Build configuration list for PBXNativeTarget "DrinkMixer" */;
			buildPhases = (
				75CDE6F419BAD1B600AAA5C9 /* Sources */,
				75CDE6F519BAD1B600AAA5C9 /* Frameworks */,
				75CDE6F619BAD1B600AAA5C9 /* Resources */,
			);
			buildRules = (
			);
			dependencies = (
			);
			name = DrinkMixer;
			productName = DrinkMixer;
			productReference = 75CDE6F819BAD1B600AAA5C9 /* DrinkMixer.app */;
			productType = "com.apple.product-type.application";
		};
		75CDE70B19BAD1B600AAA5C9 /* DrinkMixerTests */ = {
			isa = PBXNativeTarget;
			buildConfigurationList = 75CDE71919BAD1B600AAA5C9 /* Build configuration list for PBXNativeTarget "DrinkMixerTests" */;
			buildPhases = (
				75CDE70819BAD1B600AAA5C9 /* Sources */,
				75CDE70919BAD1B600AAA5C9 /* Frameworks */,
				75CDE70A19BAD1B600AAA5C9 /* Resources */,
			);
			buildRules = (
			);
			dependencies = (
				75CDE70E19BAD1B600AAA5C9 /* PBXTargetDependency */,
			);
			name = DrinkMixerTests;
			productName = DrinkMixerTests;
			productReference = 75CDE70C19BAD1B600AAA5C9 /* DrinkMixerTests.xctest */;
			productType = "com.apple.product-type.bundle.unit-test";
		};
/* End PBXNativeTarget section */

/* Begin PBXProject section */
		75CDE6F019BAD1B600AAA5C9 /* Project object */ = {
			isa = PBXProject;
			attributes = {
				LastUpgradeCheck = 0600;
				ORGANIZATIONNAME = "Robert Mozayeni";
				TargetAttributes = {
					75CDE6F719BAD1B600AAA5C9 = {
						CreatedOnToolsVersion = 6.0;
					};
					75CDE70B19BAD1B600AAA5C9 = {
						CreatedOnToolsVersion = 6.0;
						TestTargetID = 75CDE6F719BAD1B600AAA5C9;
					};
				};
			};
			buildConfigurationList = 75CDE6F319BAD1B600AAA5C9 /* Build configuration list for PBXProject "DrinkMixer" */;
			compatibilityVersion = "Xcode 3.2";
			developmentRegion = English;
			hasScannedForEncodings = 0;
			knownRegions = (
				en,
				Base,
			);
			mainGroup = 75CDE6EF19BAD1B600AAA5C9;
			productRefGroup = 75CDE6F919BAD1B600AAA5C9 /* Products */;
			projectDirPath = "";
			projectReferences = (
				{
					ProductGroup = 75CDE71D19BAD54600AAA5C9 /* Products */;
					ProjectRef = 75CDE71C19BAD54600AAA5C9 /* Alamofire.xcodeproj */;
				},
			);
			projectRoot = "";
			targets = (
				75CDE6F719BAD1B600AAA5C9 /* DrinkMixer */,
				75CDE70B19BAD1B600AAA5C9 /* DrinkMixerTests */,
			);
		};
/* End PBXProject section */

/* Begin PBXReferenceProxy section */
		75CDE72219BAD54600AAA5C9 /* Alamofire.framework */ = {
			isa = PBXReferenceProxy;
			fileType = wrapper.framework;
			path = Alamofire.framework;
			remoteRef = 75CDE72119BAD54600AAA5C9 /* PBXContainerItemProxy */;
			sourceTree = BUILT_PRODUCTS_DIR;
		};
		75CDE72419BAD54600AAA5C9 /* AlamofireTests.xctest */ = {
			isa = PBXReferenceProxy;
			fileType = wrapper.cfbundle;
			path = AlamofireTests.xctest;
			remoteRef = 75CDE72319BAD54600AAA5C9 /* PBXContainerItemProxy */;
			sourceTree = BUILT_PRODUCTS_DIR;
		};
/* End PBXReferenceProxy section */

/* Begin PBXResourcesBuildPhase section */
		75CDE6F619BAD1B600AAA5C9 /* Resources */ = {
			isa = PBXResourcesBuildPhase;
			buildActionMask = 2147483647;
			files = (
				75CDE70519BAD1B600AAA5C9 /* Main.storyboard in Resources */,
				75CDE70719BAD1B600AAA5C9 /* Images.xcassets in Resources */,
			);
			runOnlyForDeploymentPostprocessing = 0;
		};
		75CDE70A19BAD1B600AAA5C9 /* Resources */ = {
			isa = PBXResourcesBuildPhase;
			buildActionMask = 2147483647;
			files = (
			);
			runOnlyForDeploymentPostprocessing = 0;
		};
/* End PBXResourcesBuildPhase section */

/* Begin PBXSourcesBuildPhase section */
		75CDE6F419BAD1B600AAA5C9 /* Sources */ = {
			isa = PBXSourcesBuildPhase;
			buildActionMask = 2147483647;
			files = (
				75CDE6FE19BAD1B600AAA5C9 /* AppDelegate.swift in Sources */,
				75CDE72919BADAFB00AAA5C9 /* DrinkHandler.swift in Sources */,
				75CDE75619BAE52400AAA5C9 /* AutoMakeViewController.swift in Sources */,
			);
			runOnlyForDeploymentPostprocessing = 0;
		};
		75CDE70819BAD1B600AAA5C9 /* Sources */ = {
			isa = PBXSourcesBuildPhase;
			buildActionMask = 2147483647;
			files = (
				75CDE71319BAD1B600AAA5C9 /* DrinkMixerTests.swift in Sources */,
			);
			runOnlyForDeploymentPostprocessing = 0;
		};
/* End PBXSourcesBuildPhase section */

/* Begin PBXTargetDependency section */
		75CDE70E19BAD1B600AAA5C9 /* PBXTargetDependency */ = {
			isa = PBXTargetDependency;
			target = 75CDE6F719BAD1B600AAA5C9 /* DrinkMixer */;
			targetProxy = 75CDE70D19BAD1B600AAA5C9 /* PBXContainerItemProxy */;
		};
/* End PBXTargetDependency section */

/* Begin PBXVariantGroup section */
		75CDE70319BAD1B600AAA5C9 /* Main.storyboard */ = {
			isa = PBXVariantGroup;
			children = (
				75CDE70419BAD1B600AAA5C9 /* Base */,
			);
			name = Main.storyboard;
			sourceTree = "<group>";
		};
/* End PBXVariantGroup section */

/* Begin XCBuildConfiguration section */
		75CDE71419BAD1B600AAA5C9 /* Debug */ = {
			isa = XCBuildConfiguration;
			buildSettings = {
				ALWAYS_SEARCH_USER_PATHS = NO;
				CLANG_CXX_LANGUAGE_STANDARD = "gnu++0x";
				CLANG_CXX_LIBRARY = "libc++";
				CLANG_ENABLE_MODULES = YES;
				CLANG_ENABLE_OBJC_ARC = YES;
				CLANG_WARN_BOOL_CONVERSION = YES;
				CLANG_WARN_CONSTANT_CONVERSION = YES;
				CLANG_WARN_DIRECT_OBJC_ISA_USAGE = YES_ERROR;
				CLANG_WARN_EMPTY_BODY = YES;
				CLANG_WARN_ENUM_CONVERSION = YES;
				CLANG_WARN_INT_CONVERSION = YES;
				CLANG_WARN_OBJC_ROOT_CLASS = YES_ERROR;
				CLANG_WARN_UNREACHABLE_CODE = YES;
				CLANG_WARN__DUPLICATE_METHOD_MATCH = YES;
				"CODE_SIGN_IDENTITY[sdk=iphoneos*]" = "iPhone Developer";
				COPY_PHASE_STRIP = NO;
				ENABLE_STRICT_OBJC_MSGSEND = YES;
				GCC_C_LANGUAGE_STANDARD = gnu99;
				GCC_DYNAMIC_NO_PIC = NO;
				GCC_OPTIMIZATION_LEVEL = 0;
				GCC_PREPROCESSOR_DEFINITIONS = (
					"DEBUG=1",
					"$(inherited)",
				);
				GCC_SYMBOLS_PRIVATE_EXTERN = NO;
				GCC_WARN_64_TO_32_BIT_CONVERSION = YES;
				GCC_WARN_ABOUT_RETURN_TYPE = YES_ERROR;
				GCC_WARN_UNDECLARED_SELECTOR = YES;
				GCC_WARN_UNINITIALIZED_AUTOS = YES_AGGRESSIVE;
				GCC_WARN_UNUSED_FUNCTION = YES;
				GCC_WARN_UNUSED_VARIABLE = YES;
				IPHONEOS_DEPLOYMENT_TARGET = 8.0;
				MTL_ENABLE_DEBUG_INFO = YES;
				ONLY_ACTIVE_ARCH = YES;
				SDKROOT = iphoneos;
				SWIFT_OPTIMIZATION_LEVEL = "-Onone";
			};
			name = Debug;
		};
		75CDE71519BAD1B600AAA5C9 /* Release */ = {
			isa = XCBuildConfiguration;
			buildSettings = {
				ALWAYS_SEARCH_USER_PATHS = NO;
				CLANG_CXX_LANGUAGE_STANDARD = "gnu++0x";
				CLANG_CXX_LIBRARY = "libc++";
				CLANG_ENABLE_MODULES = YES;
				CLANG_ENABLE_OBJC_ARC = YES;
				CLANG_WARN_BOOL_CONVERSION = YES;
				CLANG_WARN_CONSTANT_CONVERSION = YES;
				CLANG_WARN_DIRECT_OBJC_ISA_USAGE = YES_ERROR;
				CLANG_WARN_EMPTY_BODY = YES;
				CLANG_WARN_ENUM_CONVERSION = YES;
				CLANG_WARN_INT_CONVERSION = YES;
				CLANG_WARN_OBJC_ROOT_CLASS = YES_ERROR;
				CLANG_WARN_UNREACHABLE_CODE = YES;
				CLANG_WARN__DUPLICATE_METHOD_MATCH = YES;
				"CODE_SIGN_IDENTITY[sdk=iphoneos*]" = "iPhone Developer";
				COPY_PHASE_STRIP = YES;
				ENABLE_NS_ASSERTIONS = NO;
				ENABLE_STRICT_OBJC_MSGSEND = YES;
				GCC_C_LANGUAGE_STANDARD = gnu99;
				GCC_WARN_64_TO_32_BIT_CONVERSION = YES;
				GCC_WARN_ABOUT_RETURN_TYPE = YES_ERROR;
				GCC_WARN_UNDECLARED_SELECTOR = YES;
				GCC_WARN_UNINITIALIZED_AUTOS = YES_AGGRESSIVE;
				GCC_WARN_UNUSED_FUNCTION = YES;
				GCC_WARN_UNUSED_VARIABLE = YES;
				IPHONEOS_DEPLOYMENT_TARGET = 8.0;
				MTL_ENABLE_DEBUG_INFO = NO;
				SDKROOT = iphoneos;
				VALIDATE_PRODUCT = YES;
			};
			name = Release;
		};
		75CDE71719BAD1B600AAA5C9 /* Debug */ = {
			isa = XCBuildConfiguration;
			buildSettings = {
				ASSETCATALOG_COMPILER_APPICON_NAME = AppIcon;
				ASSETCATALOG_COMPILER_LAUNCHIMAGE_NAME = LaunchImage;
				INFOPLIST_FILE = DrinkMixer/Info.plist;
				IPHONEOS_DEPLOYMENT_TARGET = 8.0;
				LD_RUNPATH_SEARCH_PATHS = "$(inherited) @executable_path/Frameworks";
				PRODUCT_NAME = "$(TARGET_NAME)";
			};
			name = Debug;
		};
		75CDE71819BAD1B600AAA5C9 /* Release */ = {
			isa = XCBuildConfiguration;
			buildSettings = {
				ASSETCATALOG_COMPILER_APPICON_NAME = AppIcon;
				ASSETCATALOG_COMPILER_LAUNCHIMAGE_NAME = LaunchImage;
				INFOPLIST_FILE = DrinkMixer/Info.plist;
				IPHONEOS_DEPLOYMENT_TARGET = 8.0;
				LD_RUNPATH_SEARCH_PATHS = "$(inherited) @executable_path/Frameworks";
				PRODUCT_NAME = "$(TARGET_NAME)";
			};
			name = Release;
		};
		75CDE71A19BAD1B600AAA5C9 /* Debug */ = {
			isa = XCBuildConfiguration;
			buildSettings = {
				BUNDLE_LOADER = "$(TEST_HOST)";
				FRAMEWORK_SEARCH_PATHS = (
					"$(SDKROOT)/Developer/Library/Frameworks",
					"$(inherited)",
				);
				GCC_PREPROCESSOR_DEFINITIONS = (
					"DEBUG=1",
					"$(inherited)",
				);
				INFOPLIST_FILE = DrinkMixerTests/Info.plist;
				LD_RUNPATH_SEARCH_PATHS = "$(inherited) @executable_path/Frameworks @loader_path/Frameworks";
				PRODUCT_NAME = "$(TARGET_NAME)";
				TEST_HOST = "$(BUILT_PRODUCTS_DIR)/DrinkMixer.app/DrinkMixer";
			};
			name = Debug;
		};
		75CDE71B19BAD1B600AAA5C9 /* Release */ = {
			isa = XCBuildConfiguration;
			buildSettings = {
				BUNDLE_LOADER = "$(TEST_HOST)";
				FRAMEWORK_SEARCH_PATHS = (
					"$(SDKROOT)/Developer/Library/Frameworks",
					"$(inherited)",
				);
				INFOPLIST_FILE = DrinkMixerTests/Info.plist;
				LD_RUNPATH_SEARCH_PATHS = "$(inherited) @executable_path/Frameworks @loader_path/Frameworks";
				PRODUCT_NAME = "$(TARGET_NAME)";
				TEST_HOST = "$(BUILT_PRODUCTS_DIR)/DrinkMixer.app/DrinkMixer";
			};
			name = Release;
		};
/* End XCBuildConfiguration section */

/* Begin XCConfigurationList section */
		75CDE6F319BAD1B600AAA5C9 /* Build configuration list for PBXProject "DrinkMixer" */ = {
			isa = XCConfigurationList;
			buildConfigurations = (
				75CDE71419BAD1B600AAA5C9 /* Debug */,
				75CDE71519BAD1B600AAA5C9 /* Release */,
			);
			defaultConfigurationIsVisible = 0;
			defaultConfigurationName = Release;
		};
		75CDE71619BAD1B600AAA5C9 /* Build configuration list for PBXNativeTarget "DrinkMixer" */ = {
			isa = XCConfigurationList;
			buildConfigurations = (
				75CDE71719BAD1B600AAA5C9 /* Debug */,
				75CDE71819BAD1B600AAA5C9 /* Release */,
			);
			defaultConfigurationIsVisible = 0;
			defaultConfigurationName = Release;
		};
		75CDE71919BAD1B600AAA5C9 /* Build configuration list for PBXNativeTarget "DrinkMixerTests" */ = {
			isa = XCConfigurationList;
			buildConfigurations = (
				75CDE71A19BAD1B600AAA5C9 /* Debug */,
				75CDE71B19BAD1B600AAA5C9 /* Release */,
			);
			defaultConfigurationIsVisible = 0;
			defaultConfigurationName = Release;
		};
/* End XCConfigurationList section */
	};
	rootObject = 75CDE6F019BAD1B600AAA5C9 /* Project object */;
}
